Microsoft Visual Studio Solution File, Format Version 12.00
# Visual Studio Version 17
VisualStudioVersion = 17.14.36310.24 d17.14
MinimumVisualStudioVersion = 10.0.40219.1
Project("{FAE04EC0-301F-11D3-BF4B-00C04F79EFBC}") = "OrderManagementSystem", "OrderManagementSystem\OrderManagementSystem.csproj", "{D9A4F9E2-7B3C-4F1A-8E9D-12F45A6B7C8D}"
EndProject
Project("{FAE04EC0-301F-11D3-BF4B-00C04F79EFBC}") = "OrderManagementSystem.Tests", "Tests\OrderManagementSystem.Tests.csproj", "{3E8C1D5F-9A2B-4D6C-87F0-4B9E2D1C5A8F}"
EndProject
Global
	GlobalSection(SolutionConfigurationPlatforms) = preSolution
		Debug|Any CPU = Debug|Any CPU
		Release|Any CPU = Release|Any CPU
	EndGlobalSection
	GlobalSection(ProjectConfigurationPlatforms) = postSolution
		{D9A4F9E2-7B3C-4F1A-8E9D-12F45A6B7C8D}.Debug|Any CPU.ActiveCfg = Debug|Any CPU
		{D9A4F9E2-7B3C-4F1A-8E9D-12F45A6B7C8D}.Debug|Any CPU.Build.0 = Debug|Any CPU
		{D9A4F9E2-7B3C-4F1A-8E9D-12F45A6B7C8D}.Release|Any CPU.ActiveCfg = Release|Any CPU
		{D9A4F9E2-7B3C-4F1A-8E9D-12F45A6B7C8D}.Release|Any CPU.Build.0 = Release|Any CPU
		{3E8C1D5F-9A2B-4D6C-87F0-4B9E2D1C5A8F}.Debug|Any CPU.ActiveCfg = Debug|Any CPU
		{3E8C1D5F-9A2B-4D6C-87F0-4B9E2D1C5A8F}.Debug|Any CPU.Build.0 = Debug|Any CPU
		{3E8C1D5F-9A2B-4D6C-87F0-4B9E2D1C5A8F}.Release|Any CPU.ActiveCfg = Release|Any CPU
		{3E8C1D5F-9A2B-4D6C-87F0-4B9E2D1C5A8F}.Release|Any CPU.Build.0 = Release|Any CPU
	EndGlobalSection
	GlobalSection(SolutionProperties) = preSolution
		HideSolutionNode = FALSE
	EndGlobalSection
EndGlobal
